{
  "nodes": {
    "flakeNimbleLib": {
      "inputs": {
        "nixpkgs": [
          "nixpkgs"
        ]
      },
      "locked": {
        "lastModified": 1648105061,
        "narHash": "sha256-Je25qNlH4xrH3+m6vIq6yPvdfQ80FRTwX4JOhrRLduc=",
        "owner": "riinr",
        "repo": "nim-flakes-lib",
        "rev": "f1ec5e2f15b9f717c33b6942ce7cb344ff868522",
        "type": "github"
      },
      "original": {
        "owner": "riinr",
        "ref": "master",
        "repo": "nim-flakes-lib",
        "type": "github"
      }
    },
    "glm": {
      "inputs": {
        "flakeNimbleLib": [
          "flakeNimbleLib"
        ],
        "nixpkgs": [
          "nixpkgs"
        ],
        "src-glm-v1_1_1": "src-glm-v1_1_1"
      },
      "locked": {
        "dir": "v1_1_1",
        "lastModified": 1648107586,
        "narHash": "sha256-xBNWYxgId9eKLXcZmAaEcOxJOf4EoJKQ6IKzcttXWWg=",
        "owner": "nim-nix-pkgs",
        "repo": "glm",
        "rev": "ae027dd33214184937bb768a345b6df9728474c8",
        "type": "github"
      },
      "original": {
        "dir": "v1_1_1",
        "owner": "nim-nix-pkgs",
        "ref": "master",
        "repo": "glm",
        "type": "github"
      }
    },
    "nanovg": {
      "inputs": {
        "flakeNimbleLib": [
          "flakeNimbleLib"
        ],
        "nixpkgs": [
          "nixpkgs"
        ],
        "src-nanovg-v0_3_3": "src-nanovg-v0_3_3"
      },
      "locked": {
        "dir": "v0_3_3",
        "lastModified": 1648107817,
        "narHash": "sha256-P78PSZg71f7Ny/NfLsa8GnoFdzumf36xl9+RcUqrv2U=",
        "owner": "nim-nix-pkgs",
        "repo": "nanovg",
        "rev": "3d7ff69d41ff30fff72c96f18bc468e8971799d3",
        "type": "github"
      },
      "original": {
        "dir": "v0_3_3",
        "owner": "nim-nix-pkgs",
        "ref": "master",
        "repo": "nanovg",
        "type": "github"
      }
    },
    "nixpkgs": {
      "locked": {
        "narHash": "sha256-sK1Ow//80EKE3bAF5d+2gB8vPXw6m5TBk3wSLHvdVe0=",
        "path": "/nix/store/0yqgkbpmsk7ck4s34wk505sfdd9vils4-source",
        "type": "path"
      },
      "original": {
        "id": "nixpkgs",
        "type": "indirect"
      }
    },
    "opengl": {
      "inputs": {
        "flakeNimbleLib": [
          "staticglfw",
          "flakeNimbleLib"
        ],
        "nixpkgs": [
          "staticglfw",
          "nixpkgs"
        ],
        "src-opengl-1_2_6": "src-opengl-1_2_6",
        "x11": "x11"
      },
      "locked": {
        "dir": "1_2_6",
        "lastModified": 1648110264,
        "narHash": "sha256-6U3QduZqgt9t23/yzO7HVS6MnBpYVdWcGHeOI04fZbI=",
        "owner": "nim-nix-pkgs",
        "repo": "opengl",
        "rev": "2ab2db0e26615fc0a704932d6e0e2f63ac9bf232",
        "type": "github"
      },
      "original": {
        "dir": "1_2_6",
        "owner": "nim-nix-pkgs",
        "ref": "master",
        "repo": "opengl",
        "type": "github"
      }
    },
    "rainbow": {
      "inputs": {
        "flakeNimbleLib": [
          "flakeNimbleLib"
        ],
        "nixpkgs": [
          "nixpkgs"
        ],
        "src-rainbow-v0_2_3": "src-rainbow-v0_2_3"
      },
      "locked": {
        "dir": "v0_2_3",
        "lastModified": 1648108024,
        "narHash": "sha256-lLwPFRJNx5BlZGBktIfcgMnGQrOH0ajbzXkitGmz3e0=",
        "owner": "nim-nix-pkgs",
        "repo": "rainbow",
        "rev": "17c07030d9d5c779f97abfddc3e920fb93d9e9b2",
        "type": "github"
      },
      "original": {
        "dir": "v0_2_3",
        "owner": "nim-nix-pkgs",
        "ref": "master",
        "repo": "rainbow",
        "type": "github"
      }
    },
    "root": {
      "inputs": {
        "flakeNimbleLib": "flakeNimbleLib",
        "glm": "glm",
        "nanovg": "nanovg",
        "nixpkgs": "nixpkgs",
        "rainbow": "rainbow",
        "src-nanim-main": "src-nanim-main",
        "staticglfw": "staticglfw",
        "stb_image": "stb_image"
      }
    },
    "src-glm-v1_1_1": {
      "flake": false,
      "locked": {
        "lastModified": 1531609322,
        "narHash": "sha256-a4WQWTkbBK7KRsxUJFBplAy4V81j3GZ1ekhLDz/qpUo=",
        "owner": "stavenko",
        "repo": "nim-glm",
        "rev": "c30414e241ad7fde9abc4f1dc7185268c4bbdbcd",
        "type": "github"
      },
      "original": {
        "owner": "stavenko",
        "ref": "refs/tags/v1.1.1",
        "repo": "nim-glm",
        "type": "github"
      }
    },
    "src-nanim-main": {
      "flake": false,
      "locked": {
        "lastModified": 1647772489,
        "narHash": "sha256-7q1e6fHE91UeBiV+M88e8mziIZcYPzlYTgCkUCd31V4=",
        "owner": "ErikWDev",
        "repo": "nanim",
        "rev": "b9e5cd59ff000001ac1b58029089e40994bf869d",
        "type": "github"
      },
      "original": {
        "owner": "ErikWDev",
        "ref": "refs/heads/main",
        "repo": "nanim",
        "type": "github"
      }
    },
    "src-nanovg-v0_3_3": {
      "flake": false,
      "locked": {
        "lastModified": 1644727977,
        "narHash": "sha256-srtSgRpCemw11euQXtZsnGPd29m03Qk6jLYRhMt8fbw=",
        "owner": "johnnovak",
        "repo": "nim-nanovg",
        "rev": "a8495f053545c8865fc7d486c6a2ce440862bc38",
        "type": "github"
      },
      "original": {
        "owner": "johnnovak",
        "ref": "refs/tags/v0.3.3",
        "repo": "nim-nanovg",
        "type": "github"
      }
    },
    "src-opengl-1_2_6": {
      "flake": false,
      "locked": {
        "lastModified": 1588085036,
        "narHash": "sha256-GjTzLaFeINywtbEFX1Mvs21c+fVWkjaJWFvo2rKjwnA=",
        "owner": "nim-lang",
        "repo": "opengl",
        "rev": "a6fb649e5bd94d8420d4a11287092a4dc3e922b4",
        "type": "github"
      },
      "original": {
        "owner": "nim-lang",
        "ref": "refs/tags/1.2.6",
        "repo": "opengl",
        "type": "github"
      }
    },
    "src-rainbow-v0_2_3": {
      "flake": false,
      "locked": {
        "lastModified": 1639309891,
        "narHash": "sha256-tbVXbXvmFOJqRuHUBxcZ1yly/OIS9LgPDtdubHxqkaw=",
        "owner": "Willyboar",
        "repo": "rainbow",
        "rev": "7f08c4ce372fd253a5dfbeb5a35c5d08d1079528",
        "type": "github"
      },
      "original": {
        "owner": "Willyboar",
        "ref": "refs/tags/v0.2.3",
        "repo": "rainbow",
        "type": "github"
      }
    },
    "src-staticglfw-4_1_3": {
      "flake": false,
      "locked": {
        "lastModified": 1625773185,
        "narHash": "sha256-24QLhYyi/2BJBZv1M/PteVau0LcO+gcvXKb57INR0WI=",
        "owner": "treeform",
        "repo": "staticglfw",
        "rev": "8089703a46d34d82761638cf75e65a11722dc8a5",
        "type": "github"
      },
      "original": {
        "owner": "treeform",
        "ref": "refs/tags/4.1.3",
        "repo": "staticglfw",
        "type": "github"
      }
    },
    "src-stb_image-2_5": {
      "flake": false,
      "locked": {
        "lastModified": 1577121470,
        "narHash": "sha256-3xeqUumBOxuXsikgcETp5oe1GAw8jyhP3ZSpm0+Imo0=",
        "owner": "define-private-public",
        "repo": "stb_image-Nim",
        "rev": "ba5f45286bfa9bed93d8d6b941949cd6218ec888",
        "type": "gitlab"
      },
      "original": {
        "owner": "define-private-public",
        "ref": "refs/tags/2.5",
        "repo": "stb_image-Nim",
        "type": "gitlab"
      }
    },
    "src-x11-master": {
      "flake": false,
      "locked": {
        "lastModified": 1610009197,
        "narHash": "sha256-2XRyXiBxAc9Zx/w0zRBHRZ240qww0FJvIvOKZ8YH50A=",
        "owner": "nim-lang",
        "repo": "x11",
        "rev": "2093a4c01360cbb5dd33ab79fd4056e148b53ca1",
        "type": "github"
      },
      "original": {
        "owner": "nim-lang",
        "ref": "refs/heads/master",
        "repo": "x11",
        "type": "github"
      }
    },
    "staticglfw": {
      "inputs": {
        "flakeNimbleLib": [
          "flakeNimbleLib"
        ],
        "nixpkgs": [
          "nixpkgs"
        ],
        "opengl": "opengl",
        "src-staticglfw-4_1_3": "src-staticglfw-4_1_3"
      },
      "locked": {
        "dir": "4_1_3",
        "lastModified": 1648110694,
        "narHash": "sha256-mhlPnTfs895bL41IWEpMyWFZ1DPdYMtoGACc7nEllvo=",
        "owner": "nim-nix-pkgs",
        "repo": "staticglfw",
        "rev": "869fd848dab40ae1b4cef816db0d5be8fc85490b",
        "type": "github"
      },
      "original": {
        "dir": "4_1_3",
        "owner": "nim-nix-pkgs",
        "ref": "master",
        "repo": "staticglfw",
        "type": "github"
      }
    },
    "stb_image": {
      "inputs": {
        "flakeNimbleLib": [
          "flakeNimbleLib"
        ],
        "nixpkgs": [
          "nixpkgs"
        ],
        "src-stb_image-2_5": "src-stb_image-2_5"
      },
      "locked": {
        "dir": "2_5",
        "lastModified": 1648108130,
        "narHash": "sha256-GSsuqldNGW3b71nC7iVMLMPsWmtRMy8o6KnY9UjaEDc=",
        "owner": "nim-nix-pkgs",
        "repo": "stb_image",
        "rev": "5144fa2f5b2c40b0c96a7a7bdc5ce1fc35fca21f",
        "type": "github"
      },
      "original": {
        "dir": "2_5",
        "owner": "nim-nix-pkgs",
        "ref": "master",
        "repo": "stb_image",
        "type": "github"
      }
    },
    "x11": {
      "inputs": {
        "flakeNimbleLib": [
          "staticglfw",
          "opengl",
          "flakeNimbleLib"
        ],
        "nixpkgs": [
          "staticglfw",
          "opengl",
          "nixpkgs"
        ],
        "x11-master": "x11-master"
      },
      "locked": {
        "lastModified": 1648108245,
        "narHash": "sha256-ex54JjBo+ZRogLbyeF8IJYbYc52EQ0qAYTEr11bzEbw=",
        "owner": "nim-nix-pkgs",
        "repo": "x11",
        "rev": "651566279fd8a072a2f9e76f031a07ad594dcc07",
        "type": "github"
      },
      "original": {
        "owner": "nim-nix-pkgs",
        "ref": "master",
        "repo": "x11",
        "type": "github"
      }
    },
    "x11-master": {
      "inputs": {
        "flakeNimbleLib": [
          "staticglfw",
          "opengl",
          "x11",
          "flakeNimbleLib"
        ],
        "nixpkgs": [
          "staticglfw",
          "opengl",
          "x11",
          "nixpkgs"
        ],
        "src-x11-master": "src-x11-master"
      },
      "locked": {
        "dir": "master",
        "lastModified": 1648108245,
        "narHash": "sha256-ex54JjBo+ZRogLbyeF8IJYbYc52EQ0qAYTEr11bzEbw=",
        "owner": "nim-nix-pkgs",
        "repo": "x11",
        "rev": "651566279fd8a072a2f9e76f031a07ad594dcc07",
        "type": "github"
      },
      "original": {
        "dir": "master",
        "owner": "nim-nix-pkgs",
        "ref": "master",
        "repo": "x11",
        "type": "github"
      }
    }
  },
  "root": "root",
  "version": 7
}
